
Microsoft Visual Studio Solution File, Format Version 12.00
# Visual Studio 2015
Project("{FAE04EC0-301F-11D3-BF4B-00C04F79EFBC}") = "BrainNetViewer3D", "BrainNetViewer3D.csproj", "{A0FB5501-E672-E559-8AA1-9EBA8143B235}"
EndProject
Global
	GlobalSection(SolutionConfigurationPlatforms) = preSolution
		Debug|Any CPU = Debug|Any CPU
		Release|Any CPU = Release|Any CPU
	EndGlobalSection
	GlobalSection(ProjectConfigurationPlatforms) = postSolution
		{A0FB5501-E672-E559-8AA1-9EBA8143B235}.Debug|Any CPU.ActiveCfg = Debug|Any CPU
		{A0FB5501-E672-E559-8AA1-9EBA8143B235}.Debug|Any CPU.Build.0 = Debug|Any CPU
		{A0FB5501-E672-E559-8AA1-9EBA8143B235}.Release|Any CPU.ActiveCfg = Release|Any CPU
		{A0FB5501-E672-E559-8AA1-9EBA8143B235}.Release|Any CPU.Build.0 = Release|Any CPU
	EndGlobalSection
	GlobalSection(SolutionProperties) = preSolution
		HideSolutionNode = FALSE
	EndGlobalSection
EndGlobal
